
Microsoft Visual Studio Solution File, Format Version 12.00
# Visual Studio Version 16
VisualStudioVersion = 16.0.30404.54
MinimumVisualStudioVersion = 10.0.40219.1
Project("{FAE04EC0-301F-11D3-BF4B-00C04F79EFBC}") = "Fishing.API", "Fishing.API\Fishing.API.csproj", "{6278FE75-3224-4134-8918-E6858A11D545}"
EndProject
Project("{FAE04EC0-301F-11D3-BF4B-00C04F79EFBC}") = "Fishing.Spider", "Fishing.Spider\Fishing.Spider.csproj", "{40D35F80-207F-4090-A9C2-62AAA6B56EEC}"
EndProject
Global
	GlobalSection(SolutionConfigurationPlatforms) = preSolution
		Debug|Any CPU = Debug|Any CPU
		Release|Any CPU = Release|Any CPU
	EndGlobalSection
	GlobalSection(ProjectConfigurationPlatforms) = postSolution
		{6278FE75-3224-4134-8918-E6858A11D545}.Debug|Any CPU.ActiveCfg = Debug|Any CPU
		{6278FE75-3224-4134-8918-E6858A11D545}.Debug|Any CPU.Build.0 = Debug|Any CPU
		{6278FE75-3224-4134-8918-E6858A11D545}.Release|Any CPU.ActiveCfg = Release|Any CPU
		{6278FE75-3224-4134-8918-E6858A11D545}.Release|Any CPU.Build.0 = Release|Any CPU
		{40D35F80-207F-4090-A9C2-62AAA6B56EEC}.Debug|Any CPU.ActiveCfg = Debug|Any CPU
		{40D35F80-207F-4090-A9C2-62AAA6B56EEC}.Debug|Any CPU.Build.0 = Debug|Any CPU
		{40D35F80-207F-4090-A9C2-62AAA6B56EEC}.Release|Any CPU.ActiveCfg = Release|Any CPU
		{40D35F80-207F-4090-A9C2-62AAA6B56EEC}.Release|Any CPU.Build.0 = Release|Any CPU
	EndGlobalSection
	GlobalSection(SolutionProperties) = preSolution
		HideSolutionNode = FALSE
	EndGlobalSection
	GlobalSection(ExtensibilityGlobals) = postSolution
		SolutionGuid = {85BD41DC-B509-4A40-AD2F-E05459A7B185}
	EndGlobalSection
EndGlobal
